
Microsoft Visual Studio Solution File, Format Version 12.00
# Visual Studio Version 17
VisualStudioVersion = 17.7.34024.191
MinimumVisualStudioVersion = 10.0.40219.1
Project("{9A19103F-16F7-4668-BE54-9A1E7A4F7556}") = "MovieBase.Api", "MovieBase.Api\MovieBase.Api.csproj", "{9772CDAB-6C53-4CA9-9811-10B465AA05E5}"
EndProject
Project("{9A19103F-16F7-4668-BE54-9A1E7A4F7556}") = "MovieBase.Common", "MovieBase.Common\MovieBase.Common.csproj", "{2301024D-6FC9-463B-A42E-4C1DD7274F26}"
EndProject
Project("{9A19103F-16F7-4668-BE54-9A1E7A4F7556}") = "MovieBase.Data", "MovieBase.Data\MovieBase.Data.csproj", "{F42581D8-2D2E-447F-9048-4CF4E471262A}"
EndProject
Global
	GlobalSection(SolutionConfigurationPlatforms) = preSolution
		Debug|Any CPU = Debug|Any CPU
		Release|Any CPU = Release|Any CPU
	EndGlobalSection
	GlobalSection(ProjectConfigurationPlatforms) = postSolution
		{9772CDAB-6C53-4CA9-9811-10B465AA05E5}.Debug|Any CPU.ActiveCfg = Debug|Any CPU
		{9772CDAB-6C53-4CA9-9811-10B465AA05E5}.Debug|Any CPU.Build.0 = Debug|Any CPU
		{9772CDAB-6C53-4CA9-9811-10B465AA05E5}.Release|Any CPU.ActiveCfg = Release|Any CPU
		{9772CDAB-6C53-4CA9-9811-10B465AA05E5}.Release|Any CPU.Build.0 = Release|Any CPU
		{2301024D-6FC9-463B-A42E-4C1DD7274F26}.Debug|Any CPU.ActiveCfg = Debug|Any CPU
		{2301024D-6FC9-463B-A42E-4C1DD7274F26}.Debug|Any CPU.Build.0 = Debug|Any CPU
		{2301024D-6FC9-463B-A42E-4C1DD7274F26}.Release|Any CPU.ActiveCfg = Release|Any CPU
		{2301024D-6FC9-463B-A42E-4C1DD7274F26}.Release|Any CPU.Build.0 = Release|Any CPU
		{F42581D8-2D2E-447F-9048-4CF4E471262A}.Debug|Any CPU.ActiveCfg = Debug|Any CPU
		{F42581D8-2D2E-447F-9048-4CF4E471262A}.Debug|Any CPU.Build.0 = Debug|Any CPU
		{F42581D8-2D2E-447F-9048-4CF4E471262A}.Release|Any CPU.ActiveCfg = Release|Any CPU
		{F42581D8-2D2E-447F-9048-4CF4E471262A}.Release|Any CPU.Build.0 = Release|Any CPU
	EndGlobalSection
	GlobalSection(SolutionProperties) = preSolution
		HideSolutionNode = FALSE
	EndGlobalSection
	GlobalSection(ExtensibilityGlobals) = postSolution
		SolutionGuid = {6078B925-ECBD-4C82-A5A4-189DC982ED9A}
	EndGlobalSection
EndGlobal
